{
    "_readme": [
        "This file locks the dependencies of your project to a known state",
        "Read more about it at https://getcomposer.org/doc/01-basic-usage.md#installing-dependencies",
        "This file is @generated automatically"
    ],
    "content-hash": "4515810a2b40c5964f7397ee07d7ea80",
    "packages": [
        {
            "name": "apimatic/jsonmapper",
            "version": "v2.0.2",
            "source": {
                "type": "git",
                "url": "https://github.com/apimatic/jsonmapper.git",
                "reference": "19c9ae29bcf17fd6836776e95c3f118a63a8dee2"
            },
            "dist": {
                "type": "zip",
                "url": "https://api.github.com/repos/apimatic/jsonmapper/zipball/19c9ae29bcf17fd6836776e95c3f118a63a8dee2",
                "reference": "19c9ae29bcf17fd6836776e95c3f118a63a8dee2",
                "shasum": ""
            },
            "require-dev": {
                "phpunit/phpunit": "^5.0.0 || ^6.0.0 || ^7.0.0 || ^8.0.0",
                "squizlabs/php_codesniffer": "^3.0.0"
            },
            "type": "library",
            "autoload": {
                "psr-4": {
                    "apimatic\\jsonmapper\\": "src/"
                }
            },
            "notification-url": "https://packagist.org/downloads/",
            "license": [
                "OSL-3.0"
            ],
            "authors": [
                {
                    "name": "Christian Weiske",
                    "email": "christian.weiske@netresearch.de",
                    "homepage": "http://www.netresearch.de/",
                    "role": "Developer"
                },
                {
                    "name": "Mehdi Jaffery",
                    "email": "mehdi.jaffery@apimatic.io",
                    "homepage": "http://apimatic.io/",
                    "role": "Developer"
                }
            ],
            "description": "Map nested JSON structures onto PHP classes",
            "support": {
                "email": "mehdi.jaffery@apimatic.io",
                "issues": "https://github.com/apimatic/jsonmapper/issues",
                "source": "https://github.com/apimatic/jsonmapper/tree/v2.0.2"
            },
            "time": "2021-02-09T05:57:07+00:00"
        },
        {
            "name": "apimatic/unirest-php",
            "version": "2.0.0",
            "source": {
                "type": "git",
                "url": "https://github.com/apimatic/unirest-php.git",
                "reference": "b4e399a8970c3a5c611f734282f306381f9d1eee"
            },
            "dist": {
                "type": "zip",
                "url": "https://api.github.com/repos/apimatic/unirest-php/zipball/b4e399a8970c3a5c611f734282f306381f9d1eee",
                "reference": "b4e399a8970c3a5c611f734282f306381f9d1eee",
                "shasum": ""
            },
            "require": {
                "ext-curl": "*",
                "php": ">=5.6.0"
            },
            "require-dev": {
                "phpunit/phpunit": "^5 || ^6 || ^7"
            },
            "suggest": {
                "ext-json": "Allows using JSON Bodies for sending and parsing requests"
            },
            "type": "library",
            "autoload": {
                "psr-0": {
                    "Unirest\\": "src/"
                }
            },
            "notification-url": "https://packagist.org/downloads/",
            "license": [
                "MIT"
            ],
            "authors": [
                {
                    "name": "Mashape",
                    "email": "opensource@mashape.com",
                    "homepage": "https://www.mashape.com",
                    "role": "Developer"
                },
                {
                    "name": "APIMATIC",
                    "email": "opensource@apimatic.io",
                    "homepage": "https://www.apimatic.io",
                    "role": "Developer"
                }
            ],
            "description": "Unirest PHP",
            "homepage": "https://github.com/apimatic/unirest-php",
            "keywords": [
                "client",
                "curl",
                "http",
                "https",
                "rest"
            ],
            "support": {
                "email": "opensource@apimatic.io",
                "issues": "https://github.com/apimatic/unirest-php/issues",
                "source": "https://github.com/apimatic/unirest-php/tree/2.0.0"
            },
            "time": "2020-04-07T17:16:29+00:00"
        },
        {
            "name": "phpoption/phpoption",
            "version": "1.7.5",
            "source": {
                "type": "git",
                "url": "https://github.com/schmittjoh/php-option.git",
                "reference": "994ecccd8f3283ecf5ac33254543eb0ac946d525"
            },
            "dist": {
                "type": "zip",
                "url": "https://api.github.com/repos/schmittjoh/php-option/zipball/994ecccd8f3283ecf5ac33254543eb0ac946d525",
                "reference": "994ecccd8f3283ecf5ac33254543eb0ac946d525",
                "shasum": ""
            },
            "require": {
                "php": "^5.5.9 || ^7.0 || ^8.0"
            },
            "require-dev": {
                "bamarni/composer-bin-plugin": "^1.4.1",
                "phpunit/phpunit": "^4.8.35 || ^5.7.27 || ^6.5.6 || ^7.0 || ^8.0 || ^9.0"
            },
            "type": "library",
            "extra": {
                "branch-alias": {
                    "dev-master": "1.7-dev"
                }
            },
            "autoload": {
                "psr-4": {
                    "PhpOption\\": "src/PhpOption/"
                }
            },
            "notification-url": "https://packagist.org/downloads/",
            "license": [
                "Apache-2.0"
            ],
            "authors": [
                {
                    "name": "Johannes M. Schmitt",
                    "email": "schmittjoh@gmail.com"
                },
                {
                    "name": "Graham Campbell",
                    "email": "graham@alt-three.com"
                }
            ],
            "description": "Option Type for PHP",
            "keywords": [
                "language",
                "option",
                "php",
                "type"
            ],
            "support": {
                "issues": "https://github.com/schmittjoh/php-option/issues",
                "source": "https://github.com/schmittjoh/php-option/tree/1.7.5"
            },
            "funding": [
                {
                    "url": "https://github.com/GrahamCampbell",
                    "type": "github"
                },
                {
                    "url": "https://tidelift.com/funding/github/packagist/phpoption/phpoption",
                    "type": "tidelift"
                }
            ],
            "time": "2020-07-20T17:29:33+00:00"
        },
        {
            "name": "square/connect",
            "version": "2.20190814.0",
            "source": {
                "type": "git",
                "url": "https://github.com/square/connect-php-sdk.git",
                "reference": "86faa761979c5e675d9220a3b623d5b346066533"
            },
            "dist": {
                "type": "zip",
                "url": "https://api.github.com/repos/square/connect-php-sdk/zipball/86faa761979c5e675d9220a3b623d5b346066533",
                "reference": "86faa761979c5e675d9220a3b623d5b346066533",
                "shasum": ""
            },
            "require": {
                "ext-curl": "*",
                "ext-json": "*",
                "ext-mbstring": "*",
                "php": ">=5.3.3"
            },
            "require-dev": {
                "phpunit/phpunit": "~4.0",
                "satooshi/php-coveralls": "~0.6.1",
                "squizlabs/php_codesniffer": "~2.0"
            },
            "type": "library",
            "autoload": {
                "psr-4": {
                    "SquareConnect\\": "lib/"
                }
            },
            "notification-url": "https://packagist.org/downloads/",
            "license": [
                "Apache-2.0"
            ],
            "authors": [
                {
                    "name": "Square, Inc.",
                    "homepage": "https://squareup.com/developers"
                }
            ],
            "description": "PHP client library for the Square Connect v2 API",
            "homepage": "https://github.com/square/connect-php-sdk",
            "keywords": [
                "api",
                "php",
                "sdk",
                "swagger"
            ],
            "support": {
                "issues": "https://github.com/square/connect-php-sdk/issues",
                "source": "https://github.com/square/connect-php-sdk/tree/2.20190814.0"
            },
            "abandoned": true,
            "time": "2019-08-15T14:29:49+00:00"
        },
        {
            "name": "square/square",
            "version": "5.0.0.20200528",
            "source": {
                "type": "git",
                "url": "https://github.com/square/square-php-sdk.git",
                "reference": "022d998d42ce1d7c00764d48eed141585927e576"
            },
            "dist": {
                "type": "zip",
                "url": "https://api.github.com/repos/square/square-php-sdk/zipball/022d998d42ce1d7c00764d48eed141585927e576",
                "reference": "022d998d42ce1d7c00764d48eed141585927e576",
                "shasum": ""
            },
            "require": {
                "apimatic/jsonmapper": "^2.0",
                "apimatic/unirest-php": "^2.0",
                "ext-curl": "*",
                "ext-json": "*",
                "ext-mbstring": "*",
                "php": ">=7.1"
            },
            "require-dev": {
                "phan/phan": "^2.5",
                "phpunit/phpunit": "^7.5 || ^8.5",
                "squizlabs/php_codesniffer": "^3.5"
            },
            "type": "library",
            "autoload": {
                "psr-4": {
                    "Square\\": "src/"
                }
            },
            "notification-url": "https://packagist.org/downloads/",
            "license": [
                "MIT"
            ],
            "authors": [
                {
                    "name": "Square Developer Platform",
                    "email": "developers@squareup.com",
                    "homepage": "https://squareup.com/developers"
                }
            ],
            "description": "Use Square APIs to manage and run business including payment, customer, product, inventory, and employee management.",
            "homepage": "https://squareup.com/developers",
            "keywords": [
                "api",
                "sdk",
                "square"
            ],
            "support": {
                "issues": "https://github.com/square/square-php-sdk/issues",
                "source": "https://github.com/square/square-php-sdk/tree/5.0.0.20200528"
            },
            "time": "2020-06-10T16:12:48+00:00"
        },
        {
            "name": "symfony/polyfill-ctype",
            "version": "v1.23.0",
            "source": {
                "type": "git",
                "url": "https://github.com/symfony/polyfill-ctype.git",
                "reference": "46cd95797e9df938fdd2b03693b5fca5e64b01ce"
            },
            "dist": {
                "type": "zip",
                "url": "https://api.github.com/repos/symfony/polyfill-ctype/zipball/46cd95797e9df938fdd2b03693b5fca5e64b01ce",
                "reference": "46cd95797e9df938fdd2b03693b5fca5e64b01ce",
                "shasum": ""
            },
            "require": {
                "php": ">=7.1"
            },
            "suggest": {
                "ext-ctype": "For best performance"
            },
            "type": "library",
            "extra": {
                "branch-alias": {
                    "dev-main": "1.23-dev"
                },
                "thanks": {
                    "name": "symfony/polyfill",
                    "url": "https://github.com/symfony/polyfill"
                }
            },
            "autoload": {
                "psr-4": {
                    "Symfony\\Polyfill\\Ctype\\": ""
                },
                "files": [
                    "bootstrap.php"
                ]
            },
            "notification-url": "https://packagist.org/downloads/",
            "license": [
                "MIT"
            ],
            "authors": [
                {
                    "name": "Gert de Pagter",
                    "email": "BackEndTea@gmail.com"
                },
                {
                    "name": "Symfony Community",
                    "homepage": "https://symfony.com/contributors"
                }
            ],
            "description": "Symfony polyfill for ctype functions",
            "homepage": "https://symfony.com",
            "keywords": [
                "compatibility",
                "ctype",
                "polyfill",
                "portable"
            ],
            "support": {
                "source": "https://github.com/symfony/polyfill-ctype/tree/v1.23.0"
            },
            "funding": [
                {
                    "url": "https://symfony.com/sponsor",
                    "type": "custom"
                },
                {
                    "url": "https://github.com/fabpot",
                    "type": "github"
                },
                {
                    "url": "https://tidelift.com/funding/github/packagist/symfony/symfony",
                    "type": "tidelift"
                }
            ],
            "time": "2021-02-19T12:13:01+00:00"
        },
        {
            "name": "vlucas/phpdotenv",
            "version": "v3.6.8",
            "source": {
                "type": "git",
                "url": "https://github.com/vlucas/phpdotenv.git",
                "reference": "5e679f7616db829358341e2d5cccbd18773bdab8"
            },
            "dist": {
                "type": "zip",
                "url": "https://api.github.com/repos/vlucas/phpdotenv/zipball/5e679f7616db829358341e2d5cccbd18773bdab8",
                "reference": "5e679f7616db829358341e2d5cccbd18773bdab8",
                "shasum": ""
            },
            "require": {
                "php": "^5.4 || ^7.0 || ^8.0",
                "phpoption/phpoption": "^1.5.2",
                "symfony/polyfill-ctype": "^1.17"
            },
            "require-dev": {
                "ext-filter": "*",
                "ext-pcre": "*",
                "phpunit/phpunit": "^4.8.36 || ^5.7.27 || ^6.5.14 || ^7.5.20"
            },
            "suggest": {
                "ext-filter": "Required to use the boolean validator.",
                "ext-pcre": "Required to use most of the library."
            },
            "type": "library",
            "extra": {
                "branch-alias": {
                    "dev-master": "3.6-dev"
                }
            },
            "autoload": {
                "psr-4": {
                    "Dotenv\\": "src/"
                }
            },
            "notification-url": "https://packagist.org/downloads/",
            "license": [
                "BSD-3-Clause"
            ],
            "authors": [
                {
                    "name": "Graham Campbell",
                    "email": "graham@alt-three.com",
                    "homepage": "https://gjcampbell.co.uk/"
                },
                {
                    "name": "Vance Lucas",
                    "email": "vance@vancelucas.com",
                    "homepage": "https://vancelucas.com/"
                }
            ],
            "description": "Loads environment variables from `.env` to `getenv()`, `$_ENV` and `$_SERVER` automagically.",
            "keywords": [
                "dotenv",
                "env",
                "environment"
            ],
            "support": {
                "issues": "https://github.com/vlucas/phpdotenv/issues",
                "source": "https://github.com/vlucas/phpdotenv/tree/v3.6.8"
            },
            "funding": [
                {
                    "url": "https://github.com/GrahamCampbell",
                    "type": "github"
                },
                {
                    "url": "https://tidelift.com/funding/github/packagist/vlucas/phpdotenv",
                    "type": "tidelift"
                }
            ],
            "time": "2021-01-20T14:39:46+00:00"
        }
    ],
    "packages-dev": [],
    "aliases": [],
    "minimum-stability": "stable",
    "stability-flags": [],
    "prefer-stable": false,
    "prefer-lowest": false,
    "platform": [],
    "platform-dev": [],
    "plugin-api-version": "2.0.0"
}
